// !$*UTF8*$!
{
	archiveVersion = 1;
	classes = {
	};
	objectVersion = 48;
	objects = {

/* Begin PBXBuildFile section */
		BB90B2D11F86D7720003672F /* AppDelegate.m in Sources */ = {isa = PBXBuildFile; fileRef = BB90B2D01F86D7720003672F /* AppDelegate.m */; };
		BB90B2D41F86D7720003672F /* ViewController.m in Sources */ = {isa = PBXBuildFile; fileRef = BB90B2D31F86D7720003672F /* ViewController.m */; };
		BB90B2D71F86D7730003672F /* Main.storyboard in Resources */ = {isa = PBXBuildFile; fileRef = BB90B2D51F86D7730003672F /* Main.storyboard */; };
		BB90B2D91F86D7730003672F /* Assets.xcassets in Resources */ = {isa = PBXBuildFile; fileRef = BB90B2D81F86D7730003672F /* Assets.xcassets */; };
		BB90B2DC1F86D7730003672F /* LaunchScreen.storyboard in Resources */ = {isa = PBXBuildFile; fileRef = BB90B2DA1F86D7730003672F /* LaunchScreen.storyboard */; };
		BB90B2DF1F86D7730003672F /* main.m in Sources */ = {isa = PBXBuildFile; fileRef = BB90B2DE1F86D7730003672F /* main.m */; };
		BB90B2E71F86DB990003672F /* LAContext+Compatibility.m in Sources */ = {isa = PBXBuildFile; fileRef = BB90B2E61F86DB990003672F /* LAContext+Compatibility.m */; };
/* End PBXBuildFile section */

/* Begin PBXFileReference section */
		BB90B2CC1F86D7720003672F /* faceid-detect.app */ = {isa = PBXFileReference; explicitFileType = wrapper.application; includeInIndex = 0; path = "faceid-detect.app"; sourceTree = BUILT_PRODUCTS_DIR; };
		BB90B2CF1F86D7720003672F /* AppDelegate.h */ = {isa = PBXFileReference; lastKnownFileType = sourcecode.c.h; path = AppDelegate.h; sourceTree = "<group>"; };
		BB90B2D01F86D7720003672F /* AppDelegate.m */ = {isa = PBXFileReference; lastKnownFileType = sourcecode.c.objc; path = AppDelegate.m; sourceTree = "<group>"; };
		BB90B2D21F86D7720003672F /* ViewController.h */ = {isa = PBXFileReference; lastKnownFileType = sourcecode.c.h; path = ViewController.h; sourceTree = "<group>"; };
		BB90B2D31F86D7720003672F /* ViewController.m */ = {isa = PBXFileReference; lastKnownFileType = sourcecode.c.objc; path = ViewController.m; sourceTree = "<group>"; };
		BB90B2D61F86D7730003672F /* Base */ = {isa = PBXFileReference; lastKnownFileType = file.storyboard; name = Base; path = Base.lproj/Main.storyboard; sourceTree = "<group>"; };
		BB90B2D81F86D7730003672F /* Assets.xcassets */ = {isa = PBXFileReference; lastKnownFileType = folder.assetcatalog; path = Assets.xcassets; sourceTree = "<group>"; };
		BB90B2DB1F86D7730003672F /* Base */ = {isa = PBXFileReference; lastKnownFileType = file.storyboard; name = Base; path = Base.lproj/LaunchScreen.storyboard; sourceTree = "<group>"; };
		BB90B2DD1F86D7730003672F /* Info.plist */ = {isa = PBXFileReference; lastKnownFileType = text.plist.xml; path = Info.plist; sourceTree = "<group>"; };
		BB90B2DE1F86D7730003672F /* main.m */ = {isa = PBXFileReference; lastKnownFileType = sourcecode.c.objc; path = main.m; sourceTree = "<group>"; };
		BB90B2E51F86DB990003672F /* LAContext+Compatibility.h */ = {isa = PBXFileReference; lastKnownFileType = sourcecode.c.h; path = "LAContext+Compatibility.h"; sourceTree = "<group>"; };
		BB90B2E61F86DB990003672F /* LAContext+Compatibility.m */ = {isa = PBXFileReference; lastKnownFileType = sourcecode.c.objc; path = "LAContext+Compatibility.m"; sourceTree = "<group>"; };
/* End PBXFileReference section */

/* Begin PBXFrameworksBuildPhase section */
		BB90B2C91F86D7720003672F /* Frameworks */ = {
			isa = PBXFrameworksBuildPhase;
			buildActionMask = 2147483647;
			files = (
			);
			runOnlyForDeploymentPostprocessing = 0;
		};
/* End PBXFrameworksBuildPhase section */

/* Begin PBXGroup section */
		BB90B2C31F86D7720003672F = {
			isa = PBXGroup;
			children = (
				BB90B2CE1F86D7720003672F /* faceid-detect */,
				BB90B2CD1F86D7720003672F /* Products */,
			);
			sourceTree = "<group>";
		};
		BB90B2CD1F86D7720003672F /* Products */ = {
			isa = PBXGroup;
			children = (
				BB90B2CC1F86D7720003672F /* faceid-detect.app */,
			);
			name = Products;
			sourceTree = "<group>";
		};
		BB90B2CE1F86D7720003672F /* faceid-detect */ = {
			isa = PBXGroup;
			children = (
				BB90B2CF1F86D7720003672F /* AppDelegate.h */,
				BB90B2D01F86D7720003672F /* AppDelegate.m */,
				BB90B2D21F86D7720003672F /* ViewController.h */,
				BB90B2D31F86D7720003672F /* ViewController.m */,
				BB90B2D51F86D7730003672F /* Main.storyboard */,
				BB90B2D81F86D7730003672F /* Assets.xcassets */,
				BB90B2DA1F86D7730003672F /* LaunchScreen.storyboard */,
				BB90B2DD1F86D7730003672F /* Info.plist */,
				BB90B2DE1F86D7730003672F /* main.m */,
				BB90B2E51F86DB990003672F /* LAContext+Compatibility.h */,
				BB90B2E61F86DB990003672F /* LAContext+Compatibility.m */,
			);
			path = "faceid-detect";
			sourceTree = "<group>";
		};
/* End PBXGroup section */

/* Begin PBXNativeTarget section */
		BB90B2CB1F86D7720003672F /* faceid-detect */ = {
			isa = PBXNativeTarget;
			buildConfigurationList = BB90B2E21F86D7730003672F /* Build configuration list for PBXNativeTarget "faceid-detect" */;
			buildPhases = (
				BB90B2C81F86D7720003672F /* Sources */,
				BB90B2C91F86D7720003672F /* Frameworks */,
				BB90B2CA1F86D7720003672F /* Resources */,
			);
			buildRules = (
			);
			dependencies = (
			);
			name = "faceid-detect";
			productName = "faceid-detect";
			productReference = BB90B2CC1F86D7720003672F /* faceid-detect.app */;
			productType = "com.apple.product-type.application";
		};
/* End PBXNativeTarget section */

/* Begin PBXProject section */
		BB90B2C41F86D7720003672F /* Project object */ = {
			isa = PBXProject;
			attributes = {
				LastUpgradeCheck = 0900;
				ORGANIZATIONNAME = "David Wagner";
				TargetAttributes = {
					BB90B2CB1F86D7720003672F = {
						CreatedOnToolsVersion = 9.0;
						ProvisioningStyle = Automatic;
					};
				};
			};
			buildConfigurationList = BB90B2C71F86D7720003672F /* Build configuration list for PBXProject "faceid-detect" */;
			compatibilityVersion = "Xcode 8.0";
			developmentRegion = en;
			hasScannedForEncodings = 0;
			knownRegions = (
				en,
				Base,
			);
			mainGroup = BB90B2C31F86D7720003672F;
			productRefGroup = BB90B2CD1F86D7720003672F /* Products */;
			projectDirPath = "";
			projectRoot = "";
			targets = (
				BB90B2CB1F86D7720003672F /* faceid-detect */,
			);
		};
/* End PBXProject section */

/* Begin PBXResourcesBuildPhase section */
		BB90B2CA1F86D7720003672F /* Resources */ = {
			isa = PBXResourcesBuildPhase;
			buildActionMask = 2147483647;
			files = (
				BB90B2DC1F86D7730003672F /* LaunchScreen.storyboard in Resources */,
				BB90B2D91F86D7730003672F /* Assets.xcassets in Resources */,
				BB90B2D71F86D7730003672F /* Main.storyboard in Resources */,
			);
			runOnlyForDeploymentPostprocessing = 0;
		};
/* End PBXResourcesBuildPhase section */

/* Begin PBXSourcesBuildPhase section */
		BB90B2C81F86D7720003672F /* Sources */ = {
			isa = PBXSourcesBuildPhase;
			buildActionMask = 2147483647;
			files = (
				BB90B2D41F86D7720003672F /* ViewController.m in Sources */,
				BB90B2DF1F86D7730003672F /* main.m in Sources */,
				BB90B2D11F86D7720003672F /* AppDelegate.m in Sources */,
				BB90B2E71F86DB990003672F /* LAContext+Compatibility.m in Sources */,
			);
			runOnlyForDeploymentPostprocessing = 0;
		};
/* End PBXSourcesBuildPhase section */

/* Begin PBXVariantGroup section */
		BB90B2D51F86D7730003672F /* Main.storyboard */ = {
			isa = PBXVariantGroup;
			children = (
				BB90B2D61F86D7730003672F /* Base */,
			);
			name = Main.storyboard;
			sourceTree = "<group>";
		};
		BB90B2DA1F86D7730003672F /* LaunchScreen.storyboard */ = {
			isa = PBXVariantGroup;
			children = (
				BB90B2DB1F86D7730003672F /* Base */,
			);
			name = LaunchScreen.storyboard;
			sourceTree = "<group>";
		};
/* End PBXVariantGroup section */

/* Begin XCBuildConfiguration section */
		BB90B2E01F86D7730003672F /* Debug */ = {
			isa = XCBuildConfiguration;
			buildSettings = {
				ALWAYS_SEARCH_USER_PATHS = NO;
				CLANG_ANALYZER_NONNULL = YES;
				CLANG_ANALYZER_NUMBER_OBJECT_CONVERSION = YES_AGGRESSIVE;
				CLANG_CXX_LANGUAGE_STANDARD = "gnu++14";
				CLANG_CXX_LIBRARY = "libc++";
				CLANG_ENABLE_MODULES = YES;
				CLANG_ENABLE_OBJC_ARC = YES;
				CLANG_WARN_BLOCK_CAPTURE_AUTORELEASING = YES;
				CLANG_WARN_BOOL_CONVERSION = YES;
				CLANG_WARN_COMMA = YES;
				CLANG_WARN_CONSTANT_CONVERSION = YES;
				CLANG_WARN_DIRECT_OBJC_ISA_USAGE = YES_ERROR;
				CLANG_WARN_DOCUMENTATION_COMMENTS = YES;
				CLANG_WARN_EMPTY_BODY = YES;
				CLANG_WARN_ENUM_CONVERSION = YES;
				CLANG_WARN_INFINITE_RECURSION = YES;
				CLANG_WARN_INT_CONVERSION = YES;
				CLANG_WARN_NON_LITERAL_NULL_CONVERSION = YES;
				CLANG_WARN_OBJC_LITERAL_CONVERSION = YES;
				CLANG_WARN_OBJC_ROOT_CLASS = YES_ERROR;
				CLANG_WARN_RANGE_LOOP_ANALYSIS = YES;
				CLANG_WARN_STRICT_PROTOTYPES = YES;
				CLANG_WARN_SUSPICIOUS_MOVE = YES;
				CLANG_WARN_UNGUARDED_AVAILABILITY = YES_AGGRESSIVE;
				CLANG_WARN_UNREACHABLE_CODE = YES;
				CLANG_WARN__DUPLICATE_METHOD_MATCH = YES;
				CODE_SIGN_IDENTITY = "iPhone Developer";
				COPY_PHASE_STRIP = NO;
				DEBUG_INFORMATION_FORMAT = dwarf;
				ENABLE_STRICT_OBJC_MSGSEND = YES;
				ENABLE_TESTABILITY = YES;
				GCC_C_LANGUAGE_STANDARD = gnu11;
				GCC_DYNAMIC_NO_PIC = NO;
				GCC_NO_COMMON_BLOCKS = YES;
				GCC_OPTIMIZATION_LEVEL = 0;
				GCC_PREPROCESSOR_DEFINITIONS = (
					"DEBUG=1",
					"$(inherited)",
				);
				GCC_WARN_64_TO_32_BIT_CONVERSION = YES;
				GCC_WARN_ABOUT_RETURN_TYPE = YES_ERROR;
				GCC_WARN_UNDECLARED_SELECTOR = YES;
				GCC_WARN_UNINITIALIZED_AUTOS = YES_AGGRESSIVE;
				GCC_WARN_UNUSED_FUNCTION = YES;
				GCC_WARN_UNUSED_VARIABLE = YES;
				IPHONEOS_DEPLOYMENT_TARGET = 11.0;
				MTL_ENABLE_DEBUG_INFO = YES;
				ONLY_ACTIVE_ARCH = YES;
				SDKROOT = iphoneos;
			};
			name = Debug;
		};
		BB90B2E11F86D7730003672F /* Release */ = {
			isa = XCBuildConfiguration;
			buildSettings = {
				ALWAYS_SEARCH_USER_PATHS = NO;
				CLANG_ANALYZER_NONNULL = YES;
				CLANG_ANALYZER_NUMBER_OBJECT_CONVERSION = YES_AGGRESSIVE;
				CLANG_CXX_LANGUAGE_STANDARD = "gnu++14";
				CLANG_CXX_LIBRARY = "libc++";
				CLANG_ENABLE_MODULES = YES;
				CLANG_ENABLE_OBJC_ARC = YES;
				CLANG_WARN_BLOCK_CAPTURE_AUTORELEASING = YES;
				CLANG_WARN_BOOL_CONVERSION = YES;
				CLANG_WARN_COMMA = YES;
				CLANG_WARN_CONSTANT_CONVERSION = YES;
				CLANG_WARN_DIRECT_OBJC_ISA_USAGE = YES_ERROR;
				CLANG_WARN_DOCUMENTATION_COMMENTS = YES;
				CLANG_WARN_EMPTY_BODY = YES;
				CLANG_WARN_ENUM_CONVERSION = YES;
				CLANG_WARN_INFINITE_RECURSION = YES;
				CLANG_WARN_INT_CONVERSION = YES;
				CLANG_WARN_NON_LITERAL_NULL_CONVERSION = YES;
				CLANG_WARN_OBJC_LITERAL_CONVERSION = YES;
				CLANG_WARN_OBJC_ROOT_CLASS = YES_ERROR;
				CLANG_WARN_RANGE_LOOP_ANALYSIS = YES;
				CLANG_WARN_STRICT_PROTOTYPES = YES;
				CLANG_WARN_SUSPICIOUS_MOVE = YES;
				CLANG_WARN_UNGUARDED_AVAILABILITY = YES_AGGRESSIVE;
				CLANG_WARN_UNREACHABLE_CODE = YES;
				CLANG_WARN__DUPLICATE_METHOD_MATCH = YES;
				CODE_SIGN_IDENTITY = "iPhone Developer";
				COPY_PHASE_STRIP = NO;
				DEBUG_INFORMATION_FORMAT = "dwarf-with-dsym";
				ENABLE_NS_ASSERTIONS = NO;
				ENABLE_STRICT_OBJC_MSGSEND = YES;
				GCC_C_LANGUAGE_STANDARD = gnu11;
				GCC_NO_COMMON_BLOCKS = YES;
				GCC_WARN_64_TO_32_BIT_CONVERSION = YES;
				GCC_WARN_ABOUT_RETURN_TYPE = YES_ERROR;
				GCC_WARN_UNDECLARED_SELECTOR = YES;
				GCC_WARN_UNINITIALIZED_AUTOS = YES_AGGRESSIVE;
				GCC_WARN_UNUSED_FUNCTION = YES;
				GCC_WARN_UNUSED_VARIABLE = YES;
				IPHONEOS_DEPLOYMENT_TARGET = 11.0;
				MTL_ENABLE_DEBUG_INFO = NO;
				SDKROOT = iphoneos;
				VALIDATE_PRODUCT = YES;
			};
			name = Release;
		};
		BB90B2E31F86D7730003672F /* Debug */ = {
			isa = XCBuildConfiguration;
			buildSettings = {
				ASSETCATALOG_COMPILER_APPICON_NAME = AppIcon;
				CODE_SIGN_STYLE = Automatic;
				DEVELOPMENT_TEAM = A8NKHWJDUL;
				INFOPLIST_FILE = "faceid-detect/Info.plist";
				LD_RUNPATH_SEARCH_PATHS = "$(inherited) @executable_path/Frameworks";
				PRODUCT_BUNDLE_IDENTIFIER = "com.noiseandheat.ios.faceid-detect";
				PRODUCT_NAME = "$(TARGET_NAME)";
				TARGETED_DEVICE_FAMILY = "1,2";
			};
			name = Debug;
		};
		BB90B2E41F86D7730003672F /* Release */ = {
			isa = XCBuildConfiguration;
			buildSettings = {
				ASSETCATALOG_COMPILER_APPICON_NAME = AppIcon;
				CODE_SIGN_STYLE = Automatic;
				DEVELOPMENT_TEAM = A8NKHWJDUL;
				INFOPLIST_FILE = "faceid-detect/Info.plist";
				LD_RUNPATH_SEARCH_PATHS = "$(inherited) @executable_path/Frameworks";
				PRODUCT_BUNDLE_IDENTIFIER = "com.noiseandheat.ios.faceid-detect";
				PRODUCT_NAME = "$(TARGET_NAME)";
				TARGETED_DEVICE_FAMILY = "1,2";
			};
			name = Release;
		};
/* End XCBuildConfiguration section */

/* Begin XCConfigurationList section */
		BB90B2C71F86D7720003672F /* Build configuration list for PBXProject "faceid-detect" */ = {
			isa = XCConfigurationList;
			buildConfigurations = (
				BB90B2E01F86D7730003672F /* Debug */,
				BB90B2E11F86D7730003672F /* Release */,
			);
			defaultConfigurationIsVisible = 0;
			defaultConfigurationName = Release;
		};
		BB90B2E21F86D7730003672F /* Build configuration list for PBXNativeTarget "faceid-detect" */ = {
			isa = XCConfigurationList;
			buildConfigurations = (
				BB90B2E31F86D7730003672F /* Debug */,
				BB90B2E41F86D7730003672F /* Release */,
			);
			defaultConfigurationIsVisible = 0;
			defaultConfigurationName = Release;
		};
/* End XCConfigurationList section */
	};
	rootObject = BB90B2C41F86D7720003672F /* Project object */;
}
